
Microsoft Visual Studio Solution File, Format Version 12.00
# Visual Studio 15
VisualStudioVersion = 15.0.26430.14
MinimumVisualStudioVersion = 10.0.40219.1
Project("{8BC9CEB8-8B4A-11D0-8D11-00A0C91BC942}") = "bee_view", "bee_view.vcxproj", "{83889A3E-B879-4C98-A375-E062CDA93E40}"
EndProject
Project("{888888A0-9F3D-457C-B088-3A5042F75D52}") = "python", "python.pyproj", "{31C10461-5365-4EB9-810E-D3534098EC07}"
EndProject
Global
	GlobalSection(SolutionConfigurationPlatforms) = preSolution
		Debug|Any CPU = Debug|Any CPU
		Debug|x64 = Debug|x64
		Debug|x86 = Debug|x86
		Release|Any CPU = Release|Any CPU
		Release|x64 = Release|x64
		Release|x86 = Release|x86
	EndGlobalSection
	GlobalSection(ProjectConfigurationPlatforms) = postSolution
		{83889A3E-B879-4C98-A375-E062CDA93E40}.Debug|Any CPU.ActiveCfg = Debug|Win32
		{83889A3E-B879-4C98-A375-E062CDA93E40}.Debug|x64.ActiveCfg = Debug|x64
		{83889A3E-B879-4C98-A375-E062CDA93E40}.Debug|x64.Build.0 = Debug|x64
		{83889A3E-B879-4C98-A375-E062CDA93E40}.Debug|x86.ActiveCfg = Debug|Win32
		{83889A3E-B879-4C98-A375-E062CDA93E40}.Debug|x86.Build.0 = Debug|Win32
		{83889A3E-B879-4C98-A375-E062CDA93E40}.Release|Any CPU.ActiveCfg = Release|Win32
		{83889A3E-B879-4C98-A375-E062CDA93E40}.Release|x64.ActiveCfg = Release|x64
		{83889A3E-B879-4C98-A375-E062CDA93E40}.Release|x64.Build.0 = Release|x64
		{83889A3E-B879-4C98-A375-E062CDA93E40}.Release|x86.ActiveCfg = Release|Win32
		{83889A3E-B879-4C98-A375-E062CDA93E40}.Release|x86.Build.0 = Release|Win32
		{31C10461-5365-4EB9-810E-D3534098EC07}.Debug|Any CPU.ActiveCfg = Debug|Any CPU
		{31C10461-5365-4EB9-810E-D3534098EC07}.Debug|x64.ActiveCfg = Debug|Any CPU
		{31C10461-5365-4EB9-810E-D3534098EC07}.Debug|x86.ActiveCfg = Debug|Any CPU
		{31C10461-5365-4EB9-810E-D3534098EC07}.Release|Any CPU.ActiveCfg = Release|Any CPU
		{31C10461-5365-4EB9-810E-D3534098EC07}.Release|x64.ActiveCfg = Release|Any CPU
		{31C10461-5365-4EB9-810E-D3534098EC07}.Release|x86.ActiveCfg = Release|Any CPU
	EndGlobalSection
	GlobalSection(SolutionProperties) = preSolution
		HideSolutionNode = FALSE
	EndGlobalSection
EndGlobal
